// !$*UTF8*$!
{
	archiveVersion = 1;
	classes = {
	};
	objectVersion = 56;
	objects = {

/* Begin PBXBuildFile section */
		C2C8CE8F297B1FBE006413DB /* LotteryManagerSDK.docc in Sources */ = {isa = PBXBuildFile; fileRef = C2C8CE8E297B1FBE006413DB /* LotteryManagerSDK.docc */; };
		C2C8CE95297B1FBE006413DB /* LotteryManagerSDK.framework in Frameworks */ = {isa = PBXBuildFile; fileRef = C2C8CE8A297B1FBE006413DB /* LotteryManagerSDK.framework */; };
		C2C8CE9A297B1FBE006413DB /* LotteryManagerSDKTests.swift in Sources */ = {isa = PBXBuildFile; fileRef = C2C8CE99297B1FBE006413DB /* LotteryManagerSDKTests.swift */; };
		C2C8CE9B297B1FBE006413DB /* LotteryManagerSDK.h in Headers */ = {isa = PBXBuildFile; fileRef = C2C8CE8D297B1FBE006413DB /* LotteryManagerSDK.h */; settings = {ATTRIBUTES = (Public, ); }; };
/* End PBXBuildFile section */

/* Begin PBXContainerItemProxy section */
		C2C8CE96297B1FBE006413DB /* PBXContainerItemProxy */ = {
			isa = PBXContainerItemProxy;
			containerPortal = C2C8CE81297B1FBE006413DB /* Project object */;
			proxyType = 1;
			remoteGlobalIDString = C2C8CE89297B1FBE006413DB;
			remoteInfo = LotteryManagerSDK;
		};
/* End PBXContainerItemProxy section */

/* Begin PBXFileReference section */
		C2C8CE8A297B1FBE006413DB /* LotteryManagerSDK.framework */ = {isa = PBXFileReference; explicitFileType = wrapper.framework; includeInIndex = 0; path = LotteryManagerSDK.framework; sourceTree = BUILT_PRODUCTS_DIR; };
		C2C8CE8D297B1FBE006413DB /* LotteryManagerSDK.h */ = {isa = PBXFileReference; lastKnownFileType = sourcecode.c.h; path = LotteryManagerSDK.h; sourceTree = "<group>"; };
		C2C8CE8E297B1FBE006413DB /* LotteryManagerSDK.docc */ = {isa = PBXFileReference; lastKnownFileType = folder.documentationcatalog; path = LotteryManagerSDK.docc; sourceTree = "<group>"; };
		C2C8CE94297B1FBE006413DB /* LotteryManagerSDKTests.xctest */ = {isa = PBXFileReference; explicitFileType = wrapper.cfbundle; includeInIndex = 0; path = LotteryManagerSDKTests.xctest; sourceTree = BUILT_PRODUCTS_DIR; };
		C2C8CE99297B1FBE006413DB /* LotteryManagerSDKTests.swift */ = {isa = PBXFileReference; lastKnownFileType = sourcecode.swift; path = LotteryManagerSDKTests.swift; sourceTree = "<group>"; };
/* End PBXFileReference section */

/* Begin PBXFrameworksBuildPhase section */
		C2C8CE87297B1FBE006413DB /* Frameworks */ = {
			isa = PBXFrameworksBuildPhase;
			buildActionMask = 2147483647;
			files = (
			);
			runOnlyForDeploymentPostprocessing = 0;
		};
		C2C8CE91297B1FBE006413DB /* Frameworks */ = {
			isa = PBXFrameworksBuildPhase;
			buildActionMask = 2147483647;
			files = (
				C2C8CE95297B1FBE006413DB /* LotteryManagerSDK.framework in Frameworks */,
			);
			runOnlyForDeploymentPostprocessing = 0;
		};
/* End PBXFrameworksBuildPhase section */

/* Begin PBXGroup section */
		C2C8CE80297B1FBE006413DB = {
			isa = PBXGroup;
			children = (
				C2C8CE8C297B1FBE006413DB /* LotteryManagerSDK */,
				C2C8CE98297B1FBE006413DB /* LotteryManagerSDKTests */,
				C2C8CE8B297B1FBE006413DB /* Products */,
			);
			sourceTree = "<group>";
		};
		C2C8CE8B297B1FBE006413DB /* Products */ = {
			isa = PBXGroup;
			children = (
				C2C8CE8A297B1FBE006413DB /* LotteryManagerSDK.framework */,
				C2C8CE94297B1FBE006413DB /* LotteryManagerSDKTests.xctest */,
			);
			name = Products;
			sourceTree = "<group>";
		};
		C2C8CE8C297B1FBE006413DB /* LotteryManagerSDK */ = {
			isa = PBXGroup;
			children = (
				C2C8CE8D297B1FBE006413DB /* LotteryManagerSDK.h */,
				C2C8CE8E297B1FBE006413DB /* LotteryManagerSDK.docc */,
			);
			path = LotteryManagerSDK;
			sourceTree = "<group>";
		};
		C2C8CE98297B1FBE006413DB /* LotteryManagerSDKTests */ = {
			isa = PBXGroup;
			children = (
				C2C8CE99297B1FBE006413DB /* LotteryManagerSDKTests.swift */,
			);
			path = LotteryManagerSDKTests;
			sourceTree = "<group>";
		};
/* End PBXGroup section */

/* Begin PBXHeadersBuildPhase section */
		C2C8CE85297B1FBE006413DB /* Headers */ = {
			isa = PBXHeadersBuildPhase;
			buildActionMask = 2147483647;
			files = (
				C2C8CE9B297B1FBE006413DB /* LotteryManagerSDK.h in Headers */,
			);
			runOnlyForDeploymentPostprocessing = 0;
		};
/* End PBXHeadersBuildPhase section */

/* Begin PBXNativeTarget section */
		C2C8CE89297B1FBE006413DB /* LotteryManagerSDK */ = {
			isa = PBXNativeTarget;
			buildConfigurationList = C2C8CE9E297B1FBE006413DB /* Build configuration list for PBXNativeTarget "LotteryManagerSDK" */;
			buildPhases = (
				C2C8CE85297B1FBE006413DB /* Headers */,
				C2C8CE86297B1FBE006413DB /* Sources */,
				C2C8CE87297B1FBE006413DB /* Frameworks */,
				C2C8CE88297B1FBE006413DB /* Resources */,
			);
			buildRules = (
			);
			dependencies = (
			);
			name = LotteryManagerSDK;
			productName = LotteryManagerSDK;
			productReference = C2C8CE8A297B1FBE006413DB /* LotteryManagerSDK.framework */;
			productType = "com.apple.product-type.framework";
		};
		C2C8CE93297B1FBE006413DB /* LotteryManagerSDKTests */ = {
			isa = PBXNativeTarget;
			buildConfigurationList = C2C8CEA1297B1FBE006413DB /* Build configuration list for PBXNativeTarget "LotteryManagerSDKTests" */;
			buildPhases = (
				C2C8CE90297B1FBE006413DB /* Sources */,
				C2C8CE91297B1FBE006413DB /* Frameworks */,
				C2C8CE92297B1FBE006413DB /* Resources */,
			);
			buildRules = (
			);
			dependencies = (
				C2C8CE97297B1FBE006413DB /* PBXTargetDependency */,
			);
			name = LotteryManagerSDKTests;
			productName = LotteryManagerSDKTests;
			productReference = C2C8CE94297B1FBE006413DB /* LotteryManagerSDKTests.xctest */;
			productType = "com.apple.product-type.bundle.unit-test";
		};
/* End PBXNativeTarget section */

/* Begin PBXProject section */
		C2C8CE81297B1FBE006413DB /* Project object */ = {
			isa = PBXProject;
			attributes = {
				BuildIndependentTargetsInParallel = 1;
				LastSwiftUpdateCheck = 1400;
				LastUpgradeCheck = 1400;
				TargetAttributes = {
					C2C8CE89297B1FBE006413DB = {
						CreatedOnToolsVersion = 14.0.1;
					};
					C2C8CE93297B1FBE006413DB = {
						CreatedOnToolsVersion = 14.0.1;
					};
				};
			};
			buildConfigurationList = C2C8CE84297B1FBE006413DB /* Build configuration list for PBXProject "LotteryManagerSDK" */;
			compatibilityVersion = "Xcode 14.0";
			developmentRegion = en;
			hasScannedForEncodings = 0;
			knownRegions = (
				en,
				Base,
			);
			mainGroup = C2C8CE80297B1FBE006413DB;
			productRefGroup = C2C8CE8B297B1FBE006413DB /* Products */;
			projectDirPath = "";
			projectRoot = "";
			targets = (
				C2C8CE89297B1FBE006413DB /* LotteryManagerSDK */,
				C2C8CE93297B1FBE006413DB /* LotteryManagerSDKTests */,
			);
		};
/* End PBXProject section */

/* Begin PBXResourcesBuildPhase section */
		C2C8CE88297B1FBE006413DB /* Resources */ = {
			isa = PBXResourcesBuildPhase;
			buildActionMask = 2147483647;
			files = (
			);
			runOnlyForDeploymentPostprocessing = 0;
		};
		C2C8CE92297B1FBE006413DB /* Resources */ = {
			isa = PBXResourcesBuildPhase;
			buildActionMask = 2147483647;
			files = (
			);
			runOnlyForDeploymentPostprocessing = 0;
		};
/* End PBXResourcesBuildPhase section */

/* Begin PBXSourcesBuildPhase section */
		C2C8CE86297B1FBE006413DB /* Sources */ = {
			isa = PBXSourcesBuildPhase;
			buildActionMask = 2147483647;
			files = (
				C2C8CE8F297B1FBE006413DB /* LotteryManagerSDK.docc in Sources */,
			);
			runOnlyForDeploymentPostprocessing = 0;
		};
		C2C8CE90297B1FBE006413DB /* Sources */ = {
			isa = PBXSourcesBuildPhase;
			buildActionMask = 2147483647;
			files = (
				C2C8CE9A297B1FBE006413DB /* LotteryManagerSDKTests.swift in Sources */,
			);
			runOnlyForDeploymentPostprocessing = 0;
		};
/* End PBXSourcesBuildPhase section */

/* Begin PBXTargetDependency section */
		C2C8CE97297B1FBE006413DB /* PBXTargetDependency */ = {
			isa = PBXTargetDependency;
			target = C2C8CE89297B1FBE006413DB /* LotteryManagerSDK */;
			targetProxy = C2C8CE96297B1FBE006413DB /* PBXContainerItemProxy */;
		};
/* End PBXTargetDependency section */

/* Begin XCBuildConfiguration section */
		C2C8CE9C297B1FBE006413DB /* Debug */ = {
			isa = XCBuildConfiguration;
			buildSettings = {
				ALWAYS_SEARCH_USER_PATHS = NO;
				CLANG_ANALYZER_NONNULL = YES;
				CLANG_ANALYZER_NUMBER_OBJECT_CONVERSION = YES_AGGRESSIVE;
				CLANG_CXX_LANGUAGE_STANDARD = "gnu++20";
				CLANG_ENABLE_MODULES = YES;
				CLANG_ENABLE_OBJC_ARC = YES;
				CLANG_ENABLE_OBJC_WEAK = YES;
				CLANG_WARN_BLOCK_CAPTURE_AUTORELEASING = YES;
				CLANG_WARN_BOOL_CONVERSION = YES;
				CLANG_WARN_COMMA = YES;
				CLANG_WARN_CONSTANT_CONVERSION = YES;
				CLANG_WARN_DEPRECATED_OBJC_IMPLEMENTATIONS = YES;
				CLANG_WARN_DIRECT_OBJC_ISA_USAGE = YES_ERROR;
				CLANG_WARN_DOCUMENTATION_COMMENTS = YES;
				CLANG_WARN_EMPTY_BODY = YES;
				CLANG_WARN_ENUM_CONVERSION = YES;
				CLANG_WARN_INFINITE_RECURSION = YES;
				CLANG_WARN_INT_CONVERSION = YES;
				CLANG_WARN_NON_LITERAL_NULL_CONVERSION = YES;
				CLANG_WARN_OBJC_IMPLICIT_RETAIN_SELF = YES;
				CLANG_WARN_OBJC_LITERAL_CONVERSION = YES;
				CLANG_WARN_OBJC_ROOT_CLASS = YES_ERROR;
				CLANG_WARN_QUOTED_INCLUDE_IN_FRAMEWORK_HEADER = YES;
				CLANG_WARN_RANGE_LOOP_ANALYSIS = YES;
				CLANG_WARN_STRICT_PROTOTYPES = YES;
				CLANG_WARN_SUSPICIOUS_MOVE = YES;
				CLANG_WARN_UNGUARDED_AVAILABILITY = YES_AGGRESSIVE;
				CLANG_WARN_UNREACHABLE_CODE = YES;
				CLANG_WARN__DUPLICATE_METHOD_MATCH = YES;
				COPY_PHASE_STRIP = NO;
				CURRENT_PROJECT_VERSION = 1;
				DEBUG_INFORMATION_FORMAT = dwarf;
				ENABLE_STRICT_OBJC_MSGSEND = YES;
				ENABLE_TESTABILITY = YES;
				GCC_C_LANGUAGE_STANDARD = gnu11;
				GCC_DYNAMIC_NO_PIC = NO;
				GCC_NO_COMMON_BLOCKS = YES;
				GCC_OPTIMIZATION_LEVEL = 0;
				GCC_PREPROCESSOR_DEFINITIONS = (
					"DEBUG=1",
					"$(inherited)",
				);
				GCC_WARN_64_TO_32_BIT_CONVERSION = YES;
				GCC_WARN_ABOUT_RETURN_TYPE = YES_ERROR;
				GCC_WARN_UNDECLARED_SELECTOR = YES;
				GCC_WARN_UNINITIALIZED_AUTOS = YES_AGGRESSIVE;
				GCC_WARN_UNUSED_FUNCTION = YES;
				GCC_WARN_UNUSED_VARIABLE = YES;
				IPHONEOS_DEPLOYMENT_TARGET = 16.0;
				MTL_ENABLE_DEBUG_INFO = INCLUDE_SOURCE;
				MTL_FAST_MATH = YES;
				ONLY_ACTIVE_ARCH = YES;
				SDKROOT = iphoneos;
				SWIFT_ACTIVE_COMPILATION_CONDITIONS = DEBUG;
				SWIFT_OPTIMIZATION_LEVEL = "-Onone";
				VERSIONING_SYSTEM = "apple-generic";
				VERSION_INFO_PREFIX = "";
			};
			name = Debug;
		};
		C2C8CE9D297B1FBE006413DB /* Release */ = {
			isa = XCBuildConfiguration;
			buildSettings = {
				ALWAYS_SEARCH_USER_PATHS = NO;
				CLANG_ANALYZER_NONNULL = YES;
				CLANG_ANALYZER_NUMBER_OBJECT_CONVERSION = YES_AGGRESSIVE;
				CLANG_CXX_LANGUAGE_STANDARD = "gnu++20";
				CLANG_ENABLE_MODULES = YES;
				CLANG_ENABLE_OBJC_ARC = YES;
				CLANG_ENABLE_OBJC_WEAK = YES;
				CLANG_WARN_BLOCK_CAPTURE_AUTORELEASING = YES;
				CLANG_WARN_BOOL_CONVERSION = YES;
				CLANG_WARN_COMMA = YES;
				CLANG_WARN_CONSTANT_CONVERSION = YES;
				CLANG_WARN_DEPRECATED_OBJC_IMPLEMENTATIONS = YES;
				CLANG_WARN_DIRECT_OBJC_ISA_USAGE = YES_ERROR;
				CLANG_WARN_DOCUMENTATION_COMMENTS = YES;
				CLANG_WARN_EMPTY_BODY = YES;
				CLANG_WARN_ENUM_CONVERSION = YES;
				CLANG_WARN_INFINITE_RECURSION = YES;
				CLANG_WARN_INT_CONVERSION = YES;
				CLANG_WARN_NON_LITERAL_NULL_CONVERSION = YES;
				CLANG_WARN_OBJC_IMPLICIT_RETAIN_SELF = YES;
				CLANG_WARN_OBJC_LITERAL_CONVERSION = YES;
				CLANG_WARN_OBJC_ROOT_CLASS = YES_ERROR;
				CLANG_WARN_QUOTED_INCLUDE_IN_FRAMEWORK_HEADER = YES;
				CLANG_WARN_RANGE_LOOP_ANALYSIS = YES;
				CLANG_WARN_STRICT_PROTOTYPES = YES;
				CLANG_WARN_SUSPICIOUS_MOVE = YES;
				CLANG_WARN_UNGUARDED_AVAILABILITY = YES_AGGRESSIVE;
				CLANG_WARN_UNREACHABLE_CODE = YES;
				CLANG_WARN__DUPLICATE_METHOD_MATCH = YES;
				COPY_PHASE_STRIP = NO;
				CURRENT_PROJECT_VERSION = 1;
				DEBUG_INFORMATION_FORMAT = "dwarf-with-dsym";
				ENABLE_NS_ASSERTIONS = NO;
				ENABLE_STRICT_OBJC_MSGSEND = YES;
				GCC_C_LANGUAGE_STANDARD = gnu11;
				GCC_NO_COMMON_BLOCKS = YES;
				GCC_WARN_64_TO_32_BIT_CONVERSION = YES;
				GCC_WARN_ABOUT_RETURN_TYPE = YES_ERROR;
				GCC_WARN_UNDECLARED_SELECTOR = YES;
				GCC_WARN_UNINITIALIZED_AUTOS = YES_AGGRESSIVE;
				GCC_WARN_UNUSED_FUNCTION = YES;
				GCC_WARN_UNUSED_VARIABLE = YES;
				IPHONEOS_DEPLOYMENT_TARGET = 16.0;
				MTL_ENABLE_DEBUG_INFO = NO;
				MTL_FAST_MATH = YES;
				SDKROOT = iphoneos;
				SWIFT_COMPILATION_MODE = wholemodule;
				SWIFT_OPTIMIZATION_LEVEL = "-O";
				VALIDATE_PRODUCT = YES;
				VERSIONING_SYSTEM = "apple-generic";
				VERSION_INFO_PREFIX = "";
			};
			name = Release;
		};
		C2C8CE9F297B1FBE006413DB /* Debug */ = {
			isa = XCBuildConfiguration;
			buildSettings = {
				CODE_SIGN_STYLE = Automatic;
				CURRENT_PROJECT_VERSION = 1;
				DEFINES_MODULE = YES;
				DEVELOPMENT_TEAM = QB8TG6DDNC;
				DYLIB_COMPATIBILITY_VERSION = 1;
				DYLIB_CURRENT_VERSION = 1;
				DYLIB_INSTALL_NAME_BASE = "@rpath";
				GENERATE_INFOPLIST_FILE = YES;
				INFOPLIST_KEY_NSHumanReadableCopyright = "";
				INSTALL_PATH = "$(LOCAL_LIBRARY_DIR)/Frameworks";
				LD_RUNPATH_SEARCH_PATHS = (
					"$(inherited)",
					"@executable_path/Frameworks",
					"@loader_path/Frameworks",
				);
				MARKETING_VERSION = 1.0;
				PRODUCT_BUNDLE_IDENTIFIER = com.rodrigoscroferneker.LotteryManagerSDK;
				PRODUCT_NAME = "$(TARGET_NAME:c99extidentifier)";
				SKIP_INSTALL = YES;
				SWIFT_EMIT_LOC_STRINGS = YES;
				SWIFT_VERSION = 5.0;
				TARGETED_DEVICE_FAMILY = "1,2";
			};
			name = Debug;
		};
		C2C8CEA0297B1FBE006413DB /* Release */ = {
			isa = XCBuildConfiguration;
			buildSettings = {
				CODE_SIGN_STYLE = Automatic;
				CURRENT_PROJECT_VERSION = 1;
				DEFINES_MODULE = YES;
				DEVELOPMENT_TEAM = QB8TG6DDNC;
				DYLIB_COMPATIBILITY_VERSION = 1;
				DYLIB_CURRENT_VERSION = 1;
				DYLIB_INSTALL_NAME_BASE = "@rpath";
				GENERATE_INFOPLIST_FILE = YES;
				INFOPLIST_KEY_NSHumanReadableCopyright = "";
				INSTALL_PATH = "$(LOCAL_LIBRARY_DIR)/Frameworks";
				LD_RUNPATH_SEARCH_PATHS = (
					"$(inherited)",
					"@executable_path/Frameworks",
					"@loader_path/Frameworks",
				);
				MARKETING_VERSION = 1.0;
				PRODUCT_BUNDLE_IDENTIFIER = com.rodrigoscroferneker.LotteryManagerSDK;
				PRODUCT_NAME = "$(TARGET_NAME:c99extidentifier)";
				SKIP_INSTALL = YES;
				SWIFT_EMIT_LOC_STRINGS = YES;
				SWIFT_VERSION = 5.0;
				TARGETED_DEVICE_FAMILY = "1,2";
			};
			name = Release;
		};
		C2C8CEA2297B1FBE006413DB /* Debug */ = {
			isa = XCBuildConfiguration;
			buildSettings = {
				CODE_SIGN_STYLE = Automatic;
				CURRENT_PROJECT_VERSION = 1;
				DEVELOPMENT_TEAM = QB8TG6DDNC;
				GENERATE_INFOPLIST_FILE = YES;
				MARKETING_VERSION = 1.0;
				PRODUCT_BUNDLE_IDENTIFIER = com.rodrigoscroferneker.LotteryManagerSDKTests;
				PRODUCT_NAME = "$(TARGET_NAME)";
				SWIFT_EMIT_LOC_STRINGS = NO;
				SWIFT_VERSION = 5.0;
				TARGETED_DEVICE_FAMILY = "1,2";
			};
			name = Debug;
		};
		C2C8CEA3297B1FBE006413DB /* Release */ = {
			isa = XCBuildConfiguration;
			buildSettings = {
				CODE_SIGN_STYLE = Automatic;
				CURRENT_PROJECT_VERSION = 1;
				DEVELOPMENT_TEAM = QB8TG6DDNC;
				GENERATE_INFOPLIST_FILE = YES;
				MARKETING_VERSION = 1.0;
				PRODUCT_BUNDLE_IDENTIFIER = com.rodrigoscroferneker.LotteryManagerSDKTests;
				PRODUCT_NAME = "$(TARGET_NAME)";
				SWIFT_EMIT_LOC_STRINGS = NO;
				SWIFT_VERSION = 5.0;
				TARGETED_DEVICE_FAMILY = "1,2";
			};
			name = Release;
		};
/* End XCBuildConfiguration section */

/* Begin XCConfigurationList section */
		C2C8CE84297B1FBE006413DB /* Build configuration list for PBXProject "LotteryManagerSDK" */ = {
			isa = XCConfigurationList;
			buildConfigurations = (
				C2C8CE9C297B1FBE006413DB /* Debug */,
				C2C8CE9D297B1FBE006413DB /* Release */,
			);
			defaultConfigurationIsVisible = 0;
			defaultConfigurationName = Release;
		};
		C2C8CE9E297B1FBE006413DB /* Build configuration list for PBXNativeTarget "LotteryManagerSDK" */ = {
			isa = XCConfigurationList;
			buildConfigurations = (
				C2C8CE9F297B1FBE006413DB /* Debug */,
				C2C8CEA0297B1FBE006413DB /* Release */,
			);
			defaultConfigurationIsVisible = 0;
			defaultConfigurationName = Release;
		};
		C2C8CEA1297B1FBE006413DB /* Build configuration list for PBXNativeTarget "LotteryManagerSDKTests" */ = {
			isa = XCConfigurationList;
			buildConfigurations = (
				C2C8CEA2297B1FBE006413DB /* Debug */,
				C2C8CEA3297B1FBE006413DB /* Release */,
			);
			defaultConfigurationIsVisible = 0;
			defaultConfigurationName = Release;
		};
/* End XCConfigurationList section */
	};
	rootObject = C2C8CE81297B1FBE006413DB /* Project object */;
}
